
Microsoft Visual Studio Solution File, Format Version 12.00
# Visual Studio 15
VisualStudioVersion = 15.0.28307.1684
MinimumVisualStudioVersion = 10.0.40219.1
Project("{8BC9CEB8-8B4A-11D0-8D11-00A0C91BC942}") = "Task1", "Task1\Task1.vcxproj", "{EE2CF893-CB70-4338-B4F0-F74B121686CF}"
EndProject
Global
	GlobalSection(SolutionConfigurationPlatforms) = preSolution
		Debug|x64 = Debug|x64
		Debug|x86 = Debug|x86
		Release|x64 = Release|x64
		Release|x86 = Release|x86
	EndGlobalSection
	GlobalSection(ProjectConfigurationPlatforms) = postSolution
		{EE2CF893-CB70-4338-B4F0-F74B121686CF}.Debug|x64.ActiveCfg = Debug|x64
		{EE2CF893-CB70-4338-B4F0-F74B121686CF}.Debug|x64.Build.0 = Debug|x64
		{EE2CF893-CB70-4338-B4F0-F74B121686CF}.Debug|x86.ActiveCfg = Debug|Win32
		{EE2CF893-CB70-4338-B4F0-F74B121686CF}.Debug|x86.Build.0 = Debug|Win32
		{EE2CF893-CB70-4338-B4F0-F74B121686CF}.Release|x64.ActiveCfg = Release|x64
		{EE2CF893-CB70-4338-B4F0-F74B121686CF}.Release|x64.Build.0 = Release|x64
		{EE2CF893-CB70-4338-B4F0-F74B121686CF}.Release|x86.ActiveCfg = Release|Win32
		{EE2CF893-CB70-4338-B4F0-F74B121686CF}.Release|x86.Build.0 = Release|Win32
	EndGlobalSection
	GlobalSection(SolutionProperties) = preSolution
		HideSolutionNode = FALSE
	EndGlobalSection
	GlobalSection(ExtensibilityGlobals) = postSolution
		SolutionGuid = {BF7E94DF-6DA1-4A0C-A0A9-5F1B59168736}
	EndGlobalSection
EndGlobal
