
Microsoft Visual Studio Solution File, Format Version 12.00
# Visual Studio 15
VisualStudioVersion = 15.0.28307.1684
MinimumVisualStudioVersion = 10.0.40219.1
Project("{8BC9CEB8-8B4A-11D0-8D11-00A0C91BC942}") = "Task1", "Task1\Task1.vcxproj", "{7AC2DEAF-B275-45A2-88C3-D50B475C377D}"
EndProject
Project("{8BC9CEB8-8B4A-11D0-8D11-00A0C91BC942}") = "Task2", "Task2\Task2.vcxproj", "{8AD0240A-6B24-47AB-87DB-86DE079AC3DA}"
EndProject
Project("{8BC9CEB8-8B4A-11D0-8D11-00A0C91BC942}") = "Task3", "Task3\Task3.vcxproj", "{5A73DF75-32CD-4B42-AF3E-EE6201D33746}"
EndProject
Project("{8BC9CEB8-8B4A-11D0-8D11-00A0C91BC942}") = "Task4", "Task4\Task4.vcxproj", "{E4EFD9FA-1C41-4C07-8267-68F5B8E1FE87}"
EndProject
Project("{8BC9CEB8-8B4A-11D0-8D11-00A0C91BC942}") = "Task5", "Task5\Task5.vcxproj", "{115301BB-5210-4F1F-8C02-846B4A392CBF}"
EndProject
Project("{8BC9CEB8-8B4A-11D0-8D11-00A0C91BC942}") = "Task6", "Task6\Task6.vcxproj", "{E932DACE-1A14-4C33-B462-FE17D550EF04}"
EndProject
Project("{8BC9CEB8-8B4A-11D0-8D11-00A0C91BC942}") = "Task7", "Task7\Task7.vcxproj", "{5B311B1E-1B97-4D1C-B31A-A2C2437B6ED4}"
EndProject
Project("{8BC9CEB8-8B4A-11D0-8D11-00A0C91BC942}") = "Task8", "Task8\Task8.vcxproj", "{7996B582-AAB4-4791-96C0-7BA63DC36291}"
EndProject
Project("{8BC9CEB8-8B4A-11D0-8D11-00A0C91BC942}") = "Task9", "Task9\Task9.vcxproj", "{E2703D68-59DE-4652-97FB-3885AD7C570F}"
EndProject
Project("{8BC9CEB8-8B4A-11D0-8D11-00A0C91BC942}") = "Task9.2", "Task9.2\Task9.2.vcxproj", "{260A263C-93EE-4205-BBDF-356FFF8B12C1}"
EndProject
Global
	GlobalSection(SolutionConfigurationPlatforms) = preSolution
		Debug|x64 = Debug|x64
		Debug|x86 = Debug|x86
		Release|x64 = Release|x64
		Release|x86 = Release|x86
	EndGlobalSection
	GlobalSection(ProjectConfigurationPlatforms) = postSolution
		{7AC2DEAF-B275-45A2-88C3-D50B475C377D}.Debug|x64.ActiveCfg = Debug|x64
		{7AC2DEAF-B275-45A2-88C3-D50B475C377D}.Debug|x64.Build.0 = Debug|x64
		{7AC2DEAF-B275-45A2-88C3-D50B475C377D}.Debug|x86.ActiveCfg = Debug|Win32
		{7AC2DEAF-B275-45A2-88C3-D50B475C377D}.Debug|x86.Build.0 = Debug|Win32
		{7AC2DEAF-B275-45A2-88C3-D50B475C377D}.Release|x64.ActiveCfg = Release|x64
		{7AC2DEAF-B275-45A2-88C3-D50B475C377D}.Release|x64.Build.0 = Release|x64
		{7AC2DEAF-B275-45A2-88C3-D50B475C377D}.Release|x86.ActiveCfg = Release|Win32
		{7AC2DEAF-B275-45A2-88C3-D50B475C377D}.Release|x86.Build.0 = Release|Win32
		{8AD0240A-6B24-47AB-87DB-86DE079AC3DA}.Debug|x64.ActiveCfg = Debug|x64
		{8AD0240A-6B24-47AB-87DB-86DE079AC3DA}.Debug|x64.Build.0 = Debug|x64
		{8AD0240A-6B24-47AB-87DB-86DE079AC3DA}.Debug|x86.ActiveCfg = Debug|Win32
		{8AD0240A-6B24-47AB-87DB-86DE079AC3DA}.Debug|x86.Build.0 = Debug|Win32
		{8AD0240A-6B24-47AB-87DB-86DE079AC3DA}.Release|x64.ActiveCfg = Release|x64
		{8AD0240A-6B24-47AB-87DB-86DE079AC3DA}.Release|x64.Build.0 = Release|x64
		{8AD0240A-6B24-47AB-87DB-86DE079AC3DA}.Release|x86.ActiveCfg = Release|Win32
		{8AD0240A-6B24-47AB-87DB-86DE079AC3DA}.Release|x86.Build.0 = Release|Win32
		{5A73DF75-32CD-4B42-AF3E-EE6201D33746}.Debug|x64.ActiveCfg = Debug|x64
		{5A73DF75-32CD-4B42-AF3E-EE6201D33746}.Debug|x64.Build.0 = Debug|x64
		{5A73DF75-32CD-4B42-AF3E-EE6201D33746}.Debug|x86.ActiveCfg = Debug|Win32
		{5A73DF75-32CD-4B42-AF3E-EE6201D33746}.Debug|x86.Build.0 = Debug|Win32
		{5A73DF75-32CD-4B42-AF3E-EE6201D33746}.Release|x64.ActiveCfg = Release|x64
		{5A73DF75-32CD-4B42-AF3E-EE6201D33746}.Release|x64.Build.0 = Release|x64
		{5A73DF75-32CD-4B42-AF3E-EE6201D33746}.Release|x86.ActiveCfg = Release|Win32
		{5A73DF75-32CD-4B42-AF3E-EE6201D33746}.Release|x86.Build.0 = Release|Win32
		{E4EFD9FA-1C41-4C07-8267-68F5B8E1FE87}.Debug|x64.ActiveCfg = Debug|x64
		{E4EFD9FA-1C41-4C07-8267-68F5B8E1FE87}.Debug|x64.Build.0 = Debug|x64
		{E4EFD9FA-1C41-4C07-8267-68F5B8E1FE87}.Debug|x86.ActiveCfg = Debug|Win32
		{E4EFD9FA-1C41-4C07-8267-68F5B8E1FE87}.Debug|x86.Build.0 = Debug|Win32
		{E4EFD9FA-1C41-4C07-8267-68F5B8E1FE87}.Release|x64.ActiveCfg = Release|x64
		{E4EFD9FA-1C41-4C07-8267-68F5B8E1FE87}.Release|x64.Build.0 = Release|x64
		{E4EFD9FA-1C41-4C07-8267-68F5B8E1FE87}.Release|x86.ActiveCfg = Release|Win32
		{E4EFD9FA-1C41-4C07-8267-68F5B8E1FE87}.Release|x86.Build.0 = Release|Win32
		{115301BB-5210-4F1F-8C02-846B4A392CBF}.Debug|x64.ActiveCfg = Debug|x64
		{115301BB-5210-4F1F-8C02-846B4A392CBF}.Debug|x64.Build.0 = Debug|x64
		{115301BB-5210-4F1F-8C02-846B4A392CBF}.Debug|x86.ActiveCfg = Debug|Win32
		{115301BB-5210-4F1F-8C02-846B4A392CBF}.Debug|x86.Build.0 = Debug|Win32
		{115301BB-5210-4F1F-8C02-846B4A392CBF}.Release|x64.ActiveCfg = Release|x64
		{115301BB-5210-4F1F-8C02-846B4A392CBF}.Release|x64.Build.0 = Release|x64
		{115301BB-5210-4F1F-8C02-846B4A392CBF}.Release|x86.ActiveCfg = Release|Win32
		{115301BB-5210-4F1F-8C02-846B4A392CBF}.Release|x86.Build.0 = Release|Win32
		{E932DACE-1A14-4C33-B462-FE17D550EF04}.Debug|x64.ActiveCfg = Debug|x64
		{E932DACE-1A14-4C33-B462-FE17D550EF04}.Debug|x64.Build.0 = Debug|x64
		{E932DACE-1A14-4C33-B462-FE17D550EF04}.Debug|x86.ActiveCfg = Debug|Win32
		{E932DACE-1A14-4C33-B462-FE17D550EF04}.Debug|x86.Build.0 = Debug|Win32
		{E932DACE-1A14-4C33-B462-FE17D550EF04}.Release|x64.ActiveCfg = Release|x64
		{E932DACE-1A14-4C33-B462-FE17D550EF04}.Release|x64.Build.0 = Release|x64
		{E932DACE-1A14-4C33-B462-FE17D550EF04}.Release|x86.ActiveCfg = Release|Win32
		{E932DACE-1A14-4C33-B462-FE17D550EF04}.Release|x86.Build.0 = Release|Win32
		{5B311B1E-1B97-4D1C-B31A-A2C2437B6ED4}.Debug|x64.ActiveCfg = Debug|x64
		{5B311B1E-1B97-4D1C-B31A-A2C2437B6ED4}.Debug|x64.Build.0 = Debug|x64
		{5B311B1E-1B97-4D1C-B31A-A2C2437B6ED4}.Debug|x86.ActiveCfg = Debug|Win32
		{5B311B1E-1B97-4D1C-B31A-A2C2437B6ED4}.Debug|x86.Build.0 = Debug|Win32
		{5B311B1E-1B97-4D1C-B31A-A2C2437B6ED4}.Release|x64.ActiveCfg = Release|x64
		{5B311B1E-1B97-4D1C-B31A-A2C2437B6ED4}.Release|x64.Build.0 = Release|x64
		{5B311B1E-1B97-4D1C-B31A-A2C2437B6ED4}.Release|x86.ActiveCfg = Release|Win32
		{5B311B1E-1B97-4D1C-B31A-A2C2437B6ED4}.Release|x86.Build.0 = Release|Win32
		{7996B582-AAB4-4791-96C0-7BA63DC36291}.Debug|x64.ActiveCfg = Debug|x64
		{7996B582-AAB4-4791-96C0-7BA63DC36291}.Debug|x64.Build.0 = Debug|x64
		{7996B582-AAB4-4791-96C0-7BA63DC36291}.Debug|x86.ActiveCfg = Debug|Win32
		{7996B582-AAB4-4791-96C0-7BA63DC36291}.Debug|x86.Build.0 = Debug|Win32
		{7996B582-AAB4-4791-96C0-7BA63DC36291}.Release|x64.ActiveCfg = Release|x64
		{7996B582-AAB4-4791-96C0-7BA63DC36291}.Release|x64.Build.0 = Release|x64
		{7996B582-AAB4-4791-96C0-7BA63DC36291}.Release|x86.ActiveCfg = Release|Win32
		{7996B582-AAB4-4791-96C0-7BA63DC36291}.Release|x86.Build.0 = Release|Win32
		{E2703D68-59DE-4652-97FB-3885AD7C570F}.Debug|x64.ActiveCfg = Debug|x64
		{E2703D68-59DE-4652-97FB-3885AD7C570F}.Debug|x64.Build.0 = Debug|x64
		{E2703D68-59DE-4652-97FB-3885AD7C570F}.Debug|x86.ActiveCfg = Debug|Win32
		{E2703D68-59DE-4652-97FB-3885AD7C570F}.Debug|x86.Build.0 = Debug|Win32
		{E2703D68-59DE-4652-97FB-3885AD7C570F}.Release|x64.ActiveCfg = Release|x64
		{E2703D68-59DE-4652-97FB-3885AD7C570F}.Release|x64.Build.0 = Release|x64
		{E2703D68-59DE-4652-97FB-3885AD7C570F}.Release|x86.ActiveCfg = Release|Win32
		{E2703D68-59DE-4652-97FB-3885AD7C570F}.Release|x86.Build.0 = Release|Win32
		{260A263C-93EE-4205-BBDF-356FFF8B12C1}.Debug|x64.ActiveCfg = Debug|x64
		{260A263C-93EE-4205-BBDF-356FFF8B12C1}.Debug|x64.Build.0 = Debug|x64
		{260A263C-93EE-4205-BBDF-356FFF8B12C1}.Debug|x86.ActiveCfg = Debug|Win32
		{260A263C-93EE-4205-BBDF-356FFF8B12C1}.Debug|x86.Build.0 = Debug|Win32
		{260A263C-93EE-4205-BBDF-356FFF8B12C1}.Release|x64.ActiveCfg = Release|x64
		{260A263C-93EE-4205-BBDF-356FFF8B12C1}.Release|x64.Build.0 = Release|x64
		{260A263C-93EE-4205-BBDF-356FFF8B12C1}.Release|x86.ActiveCfg = Release|Win32
		{260A263C-93EE-4205-BBDF-356FFF8B12C1}.Release|x86.Build.0 = Release|Win32
	EndGlobalSection
	GlobalSection(SolutionProperties) = preSolution
		HideSolutionNode = FALSE
	EndGlobalSection
	GlobalSection(ExtensibilityGlobals) = postSolution
		SolutionGuid = {CADE3075-A73D-4B82-A442-94555403E6C7}
	EndGlobalSection
EndGlobal
