
Microsoft Visual Studio Solution File, Format Version 12.00
# Visual Studio 15
VisualStudioVersion = 15.0.28307.1684
MinimumVisualStudioVersion = 10.0.40219.1
Project("{8BC9CEB8-8B4A-11D0-8D11-00A0C91BC942}") = "Task1", "Task1\Task1.vcxproj", "{96672A6D-F605-4D1A-BC4D-BCE538BE1F81}"
EndProject
Project("{8BC9CEB8-8B4A-11D0-8D11-00A0C91BC942}") = "Task2", "Task2\Task2.vcxproj", "{5AEFBF04-5974-49DF-B911-4DC061A6185D}"
EndProject
Project("{8BC9CEB8-8B4A-11D0-8D11-00A0C91BC942}") = "Task3", "Task3\Task3.vcxproj", "{71ED820A-6358-4EF6-BB56-DCC3B855A6E2}"
EndProject
Project("{8BC9CEB8-8B4A-11D0-8D11-00A0C91BC942}") = "Task4", "Task4\Task4.vcxproj", "{E8C08365-41DE-46E9-AE1F-F15C9BF4D7FA}"
EndProject
Project("{8BC9CEB8-8B4A-11D0-8D11-00A0C91BC942}") = "Task5", "Task5\Task5.vcxproj", "{326B5D33-C4F6-491E-AC56-5D8A70390C25}"
EndProject
Project("{8BC9CEB8-8B4A-11D0-8D11-00A0C91BC942}") = "Task6", "Task6\Task6.vcxproj", "{FDF7AA8A-3F54-476D-9235-EA23B58F09C5}"
EndProject
Project("{8BC9CEB8-8B4A-11D0-8D11-00A0C91BC942}") = "Task7", "Task7\Task7.vcxproj", "{A4EB64F6-AA2D-4A95-B553-F369A0942623}"
EndProject
Project("{8BC9CEB8-8B4A-11D0-8D11-00A0C91BC942}") = "Task8", "Task8\Task8.vcxproj", "{BA907A4D-F71E-4DD3-B6AC-20C95155B053}"
EndProject
Project("{8BC9CEB8-8B4A-11D0-8D11-00A0C91BC942}") = "Task9", "Task9\Task9.vcxproj", "{D821A742-735B-41AB-89B5-5A4D4875C578}"
EndProject
Project("{8BC9CEB8-8B4A-11D0-8D11-00A0C91BC942}") = "Task10", "Task10\Task10.vcxproj", "{AC59A141-9E60-4207-8761-5C141A462E8B}"
EndProject
Global
	GlobalSection(SolutionConfigurationPlatforms) = preSolution
		Debug|x64 = Debug|x64
		Debug|x86 = Debug|x86
		Release|x64 = Release|x64
		Release|x86 = Release|x86
	EndGlobalSection
	GlobalSection(ProjectConfigurationPlatforms) = postSolution
		{96672A6D-F605-4D1A-BC4D-BCE538BE1F81}.Debug|x64.ActiveCfg = Debug|x64
		{96672A6D-F605-4D1A-BC4D-BCE538BE1F81}.Debug|x64.Build.0 = Debug|x64
		{96672A6D-F605-4D1A-BC4D-BCE538BE1F81}.Debug|x86.ActiveCfg = Debug|Win32
		{96672A6D-F605-4D1A-BC4D-BCE538BE1F81}.Debug|x86.Build.0 = Debug|Win32
		{96672A6D-F605-4D1A-BC4D-BCE538BE1F81}.Release|x64.ActiveCfg = Release|x64
		{96672A6D-F605-4D1A-BC4D-BCE538BE1F81}.Release|x64.Build.0 = Release|x64
		{96672A6D-F605-4D1A-BC4D-BCE538BE1F81}.Release|x86.ActiveCfg = Release|Win32
		{96672A6D-F605-4D1A-BC4D-BCE538BE1F81}.Release|x86.Build.0 = Release|Win32
		{5AEFBF04-5974-49DF-B911-4DC061A6185D}.Debug|x64.ActiveCfg = Debug|x64
		{5AEFBF04-5974-49DF-B911-4DC061A6185D}.Debug|x64.Build.0 = Debug|x64
		{5AEFBF04-5974-49DF-B911-4DC061A6185D}.Debug|x86.ActiveCfg = Debug|Win32
		{5AEFBF04-5974-49DF-B911-4DC061A6185D}.Debug|x86.Build.0 = Debug|Win32
		{5AEFBF04-5974-49DF-B911-4DC061A6185D}.Release|x64.ActiveCfg = Release|x64
		{5AEFBF04-5974-49DF-B911-4DC061A6185D}.Release|x64.Build.0 = Release|x64
		{5AEFBF04-5974-49DF-B911-4DC061A6185D}.Release|x86.ActiveCfg = Release|Win32
		{5AEFBF04-5974-49DF-B911-4DC061A6185D}.Release|x86.Build.0 = Release|Win32
		{71ED820A-6358-4EF6-BB56-DCC3B855A6E2}.Debug|x64.ActiveCfg = Debug|x64
		{71ED820A-6358-4EF6-BB56-DCC3B855A6E2}.Debug|x64.Build.0 = Debug|x64
		{71ED820A-6358-4EF6-BB56-DCC3B855A6E2}.Debug|x86.ActiveCfg = Debug|Win32
		{71ED820A-6358-4EF6-BB56-DCC3B855A6E2}.Debug|x86.Build.0 = Debug|Win32
		{71ED820A-6358-4EF6-BB56-DCC3B855A6E2}.Release|x64.ActiveCfg = Release|x64
		{71ED820A-6358-4EF6-BB56-DCC3B855A6E2}.Release|x64.Build.0 = Release|x64
		{71ED820A-6358-4EF6-BB56-DCC3B855A6E2}.Release|x86.ActiveCfg = Release|Win32
		{71ED820A-6358-4EF6-BB56-DCC3B855A6E2}.Release|x86.Build.0 = Release|Win32
		{E8C08365-41DE-46E9-AE1F-F15C9BF4D7FA}.Debug|x64.ActiveCfg = Debug|x64
		{E8C08365-41DE-46E9-AE1F-F15C9BF4D7FA}.Debug|x64.Build.0 = Debug|x64
		{E8C08365-41DE-46E9-AE1F-F15C9BF4D7FA}.Debug|x86.ActiveCfg = Debug|Win32
		{E8C08365-41DE-46E9-AE1F-F15C9BF4D7FA}.Debug|x86.Build.0 = Debug|Win32
		{E8C08365-41DE-46E9-AE1F-F15C9BF4D7FA}.Release|x64.ActiveCfg = Release|x64
		{E8C08365-41DE-46E9-AE1F-F15C9BF4D7FA}.Release|x64.Build.0 = Release|x64
		{E8C08365-41DE-46E9-AE1F-F15C9BF4D7FA}.Release|x86.ActiveCfg = Release|Win32
		{E8C08365-41DE-46E9-AE1F-F15C9BF4D7FA}.Release|x86.Build.0 = Release|Win32
		{326B5D33-C4F6-491E-AC56-5D8A70390C25}.Debug|x64.ActiveCfg = Debug|x64
		{326B5D33-C4F6-491E-AC56-5D8A70390C25}.Debug|x64.Build.0 = Debug|x64
		{326B5D33-C4F6-491E-AC56-5D8A70390C25}.Debug|x86.ActiveCfg = Debug|Win32
		{326B5D33-C4F6-491E-AC56-5D8A70390C25}.Debug|x86.Build.0 = Debug|Win32
		{326B5D33-C4F6-491E-AC56-5D8A70390C25}.Release|x64.ActiveCfg = Release|x64
		{326B5D33-C4F6-491E-AC56-5D8A70390C25}.Release|x64.Build.0 = Release|x64
		{326B5D33-C4F6-491E-AC56-5D8A70390C25}.Release|x86.ActiveCfg = Release|Win32
		{326B5D33-C4F6-491E-AC56-5D8A70390C25}.Release|x86.Build.0 = Release|Win32
		{FDF7AA8A-3F54-476D-9235-EA23B58F09C5}.Debug|x64.ActiveCfg = Debug|x64
		{FDF7AA8A-3F54-476D-9235-EA23B58F09C5}.Debug|x64.Build.0 = Debug|x64
		{FDF7AA8A-3F54-476D-9235-EA23B58F09C5}.Debug|x86.ActiveCfg = Debug|Win32
		{FDF7AA8A-3F54-476D-9235-EA23B58F09C5}.Debug|x86.Build.0 = Debug|Win32
		{FDF7AA8A-3F54-476D-9235-EA23B58F09C5}.Release|x64.ActiveCfg = Release|x64
		{FDF7AA8A-3F54-476D-9235-EA23B58F09C5}.Release|x64.Build.0 = Release|x64
		{FDF7AA8A-3F54-476D-9235-EA23B58F09C5}.Release|x86.ActiveCfg = Release|Win32
		{FDF7AA8A-3F54-476D-9235-EA23B58F09C5}.Release|x86.Build.0 = Release|Win32
		{A4EB64F6-AA2D-4A95-B553-F369A0942623}.Debug|x64.ActiveCfg = Debug|x64
		{A4EB64F6-AA2D-4A95-B553-F369A0942623}.Debug|x64.Build.0 = Debug|x64
		{A4EB64F6-AA2D-4A95-B553-F369A0942623}.Debug|x86.ActiveCfg = Debug|Win32
		{A4EB64F6-AA2D-4A95-B553-F369A0942623}.Debug|x86.Build.0 = Debug|Win32
		{A4EB64F6-AA2D-4A95-B553-F369A0942623}.Release|x64.ActiveCfg = Release|x64
		{A4EB64F6-AA2D-4A95-B553-F369A0942623}.Release|x64.Build.0 = Release|x64
		{A4EB64F6-AA2D-4A95-B553-F369A0942623}.Release|x86.ActiveCfg = Release|Win32
		{A4EB64F6-AA2D-4A95-B553-F369A0942623}.Release|x86.Build.0 = Release|Win32
		{BA907A4D-F71E-4DD3-B6AC-20C95155B053}.Debug|x64.ActiveCfg = Debug|x64
		{BA907A4D-F71E-4DD3-B6AC-20C95155B053}.Debug|x64.Build.0 = Debug|x64
		{BA907A4D-F71E-4DD3-B6AC-20C95155B053}.Debug|x86.ActiveCfg = Debug|Win32
		{BA907A4D-F71E-4DD3-B6AC-20C95155B053}.Debug|x86.Build.0 = Debug|Win32
		{BA907A4D-F71E-4DD3-B6AC-20C95155B053}.Release|x64.ActiveCfg = Release|x64
		{BA907A4D-F71E-4DD3-B6AC-20C95155B053}.Release|x64.Build.0 = Release|x64
		{BA907A4D-F71E-4DD3-B6AC-20C95155B053}.Release|x86.ActiveCfg = Release|Win32
		{BA907A4D-F71E-4DD3-B6AC-20C95155B053}.Release|x86.Build.0 = Release|Win32
		{D821A742-735B-41AB-89B5-5A4D4875C578}.Debug|x64.ActiveCfg = Debug|x64
		{D821A742-735B-41AB-89B5-5A4D4875C578}.Debug|x64.Build.0 = Debug|x64
		{D821A742-735B-41AB-89B5-5A4D4875C578}.Debug|x86.ActiveCfg = Debug|Win32
		{D821A742-735B-41AB-89B5-5A4D4875C578}.Debug|x86.Build.0 = Debug|Win32
		{D821A742-735B-41AB-89B5-5A4D4875C578}.Release|x64.ActiveCfg = Release|x64
		{D821A742-735B-41AB-89B5-5A4D4875C578}.Release|x64.Build.0 = Release|x64
		{D821A742-735B-41AB-89B5-5A4D4875C578}.Release|x86.ActiveCfg = Release|Win32
		{D821A742-735B-41AB-89B5-5A4D4875C578}.Release|x86.Build.0 = Release|Win32
		{AC59A141-9E60-4207-8761-5C141A462E8B}.Debug|x64.ActiveCfg = Debug|x64
		{AC59A141-9E60-4207-8761-5C141A462E8B}.Debug|x64.Build.0 = Debug|x64
		{AC59A141-9E60-4207-8761-5C141A462E8B}.Debug|x86.ActiveCfg = Debug|Win32
		{AC59A141-9E60-4207-8761-5C141A462E8B}.Debug|x86.Build.0 = Debug|Win32
		{AC59A141-9E60-4207-8761-5C141A462E8B}.Release|x64.ActiveCfg = Release|x64
		{AC59A141-9E60-4207-8761-5C141A462E8B}.Release|x64.Build.0 = Release|x64
		{AC59A141-9E60-4207-8761-5C141A462E8B}.Release|x86.ActiveCfg = Release|Win32
		{AC59A141-9E60-4207-8761-5C141A462E8B}.Release|x86.Build.0 = Release|Win32
	EndGlobalSection
	GlobalSection(SolutionProperties) = preSolution
		HideSolutionNode = FALSE
	EndGlobalSection
	GlobalSection(ExtensibilityGlobals) = postSolution
		SolutionGuid = {F1DF2E12-28A5-49FC-B0EB-26C1278D78E5}
	EndGlobalSection
EndGlobal
