
Microsoft Visual Studio Solution File, Format Version 12.00
# Visual Studio Version 17
VisualStudioVersion = 17.1.32328.378
MinimumVisualStudioVersion = 10.0.40219.1
Project("{8BC9CEB8-8B4A-11D0-8D11-00A0C91BC942}") = "03.04.2022-Homework - 8", "03.04.2022-Homework - 8\03.04.2022-Homework - 8.vcxproj", "{2400451E-DAD5-443A-AAA7-AA7BA953232F}"
EndProject
Global
	GlobalSection(SolutionConfigurationPlatforms) = preSolution
		Debug|x64 = Debug|x64
		Debug|x86 = Debug|x86
		Release|x64 = Release|x64
		Release|x86 = Release|x86
	EndGlobalSection
	GlobalSection(ProjectConfigurationPlatforms) = postSolution
		{2400451E-DAD5-443A-AAA7-AA7BA953232F}.Debug|x64.ActiveCfg = Debug|x64
		{2400451E-DAD5-443A-AAA7-AA7BA953232F}.Debug|x64.Build.0 = Debug|x64
		{2400451E-DAD5-443A-AAA7-AA7BA953232F}.Debug|x86.ActiveCfg = Debug|Win32
		{2400451E-DAD5-443A-AAA7-AA7BA953232F}.Debug|x86.Build.0 = Debug|Win32
		{2400451E-DAD5-443A-AAA7-AA7BA953232F}.Release|x64.ActiveCfg = Release|x64
		{2400451E-DAD5-443A-AAA7-AA7BA953232F}.Release|x64.Build.0 = Release|x64
		{2400451E-DAD5-443A-AAA7-AA7BA953232F}.Release|x86.ActiveCfg = Release|Win32
		{2400451E-DAD5-443A-AAA7-AA7BA953232F}.Release|x86.Build.0 = Release|Win32
	EndGlobalSection
	GlobalSection(SolutionProperties) = preSolution
		HideSolutionNode = FALSE
	EndGlobalSection
	GlobalSection(ExtensibilityGlobals) = postSolution
		SolutionGuid = {C7E7253D-ACB6-45B4-AF2A-AA537601230B}
	EndGlobalSection
EndGlobal
